
Microsoft Visual Studio Solution File, Format Version 12.00
# Visual Studio 15
VisualStudioVersion = 15.0.27428.2037
MinimumVisualStudioVersion = 10.0.40219.1
Project("{FAE04EC0-301F-11D3-BF4B-00C04F79EFBC}") = "EsbjergHavn", "EsbjergHavn\EsbjergHavn.csproj", "{35ACA6F8-B725-40F0-B8CE-3F9A8CF7CE21}"
EndProject
Global
	GlobalSection(SolutionConfigurationPlatforms) = preSolution
		Debug|Any CPU = Debug|Any CPU
		Release|Any CPU = Release|Any CPU
	EndGlobalSection
	GlobalSection(ProjectConfigurationPlatforms) = postSolution
		{35ACA6F8-B725-40F0-B8CE-3F9A8CF7CE21}.Debug|Any CPU.ActiveCfg = Debug|Any CPU
		{35ACA6F8-B725-40F0-B8CE-3F9A8CF7CE21}.Debug|Any CPU.Build.0 = Debug|Any CPU
		{35ACA6F8-B725-40F0-B8CE-3F9A8CF7CE21}.Release|Any CPU.ActiveCfg = Release|Any CPU
		{35ACA6F8-B725-40F0-B8CE-3F9A8CF7CE21}.Release|Any CPU.Build.0 = Release|Any CPU
	EndGlobalSection
	GlobalSection(SolutionProperties) = preSolution
		HideSolutionNode = FALSE
	EndGlobalSection
	GlobalSection(ExtensibilityGlobals) = postSolution
		SolutionGuid = {19595EB4-A0BD-4AE4-AF82-A8B030115391}
	EndGlobalSection
EndGlobal
